PODS:
  - Nimble (7.0.3)
  - PKHUD (5.0.0)
  - Quick (1.2.0)
  - SaltEdge-iOS-Swift (1.0.0):
    - TrustKit
  - TrustKit (1.5.3)

DEPENDENCIES:
  - Nimble (~> 7.0.2)
  - PKHUD (~> 5.0)
  - Quick (~> 1.2.0)
  - SaltEdge-iOS-Swift (from `../`)

EXTERNAL SOURCES:
  SaltEdge-iOS-Swift:
    :path: ../

SPEC CHECKSUMS:
  Nimble: 7f5a9c447a33002645a071bddafbfb24ea70e0ac
  PKHUD: 3c001512c6e002091184197a8de7a20420786e3b
  Quick: 58d203b1c5e27fff7229c4c1ae445ad7069a7a08
  SaltEdge-iOS-Swift: 0e198d6a7df838ac2cb66f011f7a9512803a13cb
  TrustKit: b2bd5cb6a69cb17a95af87af327ecaa93c8da4bd

PODFILE CHECKSUM: 6ac7cd826fbc64c296f685d6bf1eb9c06acd0f9e

COCOAPODS: 1.4.0
