PODS:
  - Nimble (7.3.4)
  - PKHUD (5.3.0)
  - Quick (1.3.4)
  - SaltEdge-iOS-Swift (3.3.2):
    - TrustKit
  - TrustKit (1.6.5)

DEPENDENCIES:
  - Nimble (~> 7.3.1)
  - PKHUD (~> 5.0)
  - Quick (~> 1.3.2)
  - SaltEdge-iOS-Swift (from `../`)

SPEC REPOS:
  trunk:
    - Nimble
    - PKHUD
    - Quick
    - TrustKit

EXTERNAL SOURCES:
  SaltEdge-iOS-Swift:
    :path: "../"

SPEC CHECKSUMS:
  Nimble: 051e3d8912d40138fa5591c78594f95fb172af37
  PKHUD: 98f3e4bc904b9c916f1c5bb6d765365b5357291b
  Quick: f4f7f063c524394c73ed93ac70983c609805d481
  SaltEdge-iOS-Swift: 2d7d4e1ac82d44205802d13d662aa471c8edf7ea
  TrustKit: 073855e3adecd317417bda4ac9e9ac54a2e3b9f2

PODFILE CHECKSUM: e10a2fa83137688c03197020c7257fbb402a4eff

COCOAPODS: 1.9.1
