PODS:
  - Nimble (7.3.1)
  - PKHUD (5.2.0)
  - Quick (1.3.2)
  - SaltEdge-iOS-Swift (1.1.2):
    - TrustKit
  - TrustKit (1.6.0)

DEPENDENCIES:
  - Nimble (~> 7.3.1)
  - PKHUD (~> 5.0)
  - Quick (~> 1.3.2)
  - SaltEdge-iOS-Swift (from `../`)

SPEC REPOS:
  https://github.com/cocoapods/specs.git:
    - Nimble
    - PKHUD
    - Quick
    - TrustKit

EXTERNAL SOURCES:
  SaltEdge-iOS-Swift:
    :path: "../"

SPEC CHECKSUMS:
  Nimble: 04f732da099ea4d153122aec8c2a88fd0c7219ae
  PKHUD: dd5357ac65f26115c35c4a68e9b328053326c5fe
  Quick: 2623cb30d7a7f41ca62f684f679586558f483d46
  SaltEdge-iOS-Swift: 03905a9527e2d631e1b03eb8b40ed5ad994379f6
  TrustKit: 55ff9670dd8b3697eb23124cfc6c96aeca9c40e7

PODFILE CHECKSUM: fd670ed98866b50e0737d4be621438e65edd84e4

COCOAPODS: 1.6.1
